// !$*UTF8*$!
{
	archiveVersion = 1;
	classes = {
	};
	objectVersion = 56;
	objects = {

/* Begin PBXBuildFile section */
		A034AB212C19FB89008BD7EA /* AVLTreeTester.cpp in Sources */ = {isa = PBXBuildFile; fileRef = A034AB202C19FB89008BD7EA /* AVLTreeTester.cpp */; };
		A03CF1CF2BFE90C6001917DD /* main.cpp in Sources */ = {isa = PBXBuildFile; fileRef = A03CF1CE2BFE90C6001917DD /* main.cpp */; };
		A03CF1D72BFE90DB001917DD /* AVLTree.cpp in Sources */ = {isa = PBXBuildFile; fileRef = A03CF1D52BFE90DB001917DD /* AVLTree.cpp */; };
		A03CF1DA2BFE91DD001917DD /* SearchTree.cpp in Sources */ = {isa = PBXBuildFile; fileRef = A03CF1D92BFE91DD001917DD /* SearchTree.cpp */; };
		A03CF1DD2BFE9205001917DD /* BinaryTree.cpp in Sources */ = {isa = PBXBuildFile; fileRef = A03CF1DB2BFE9205001917DD /* BinaryTree.cpp */; };
/* End PBXBuildFile section */

/* Begin PBXCopyFilesBuildPhase section */
		A03CF1C92BFE90C6001917DD /* CopyFiles */ = {
			isa = PBXCopyFilesBuildPhase;
			buildActionMask = 2147483647;
			dstPath = /usr/share/man/man1/;
			dstSubfolderSpec = 0;
			files = (
			);
			runOnlyForDeploymentPostprocessing = 1;
		};
/* End PBXCopyFilesBuildPhase section */

/* Begin PBXFileReference section */
		A034AB1F2C19FB89008BD7EA /* AVLTreeTester.hpp */ = {isa = PBXFileReference; lastKnownFileType = sourcecode.cpp.h; path = AVLTreeTester.hpp; sourceTree = "<group>"; };
		A034AB202C19FB89008BD7EA /* AVLTreeTester.cpp */ = {isa = PBXFileReference; lastKnownFileType = sourcecode.cpp.cpp; path = AVLTreeTester.cpp; sourceTree = "<group>"; };
		A03CF1CB2BFE90C6001917DD /* Lab 4 "AVL tree" */ = {isa = PBXFileReference; explicitFileType = "compiled.mach-o.executable"; includeInIndex = 0; path = "Lab 4 \"AVL tree\""; sourceTree = BUILT_PRODUCTS_DIR; };
		A03CF1CE2BFE90C6001917DD /* main.cpp */ = {isa = PBXFileReference; lastKnownFileType = sourcecode.cpp.cpp; path = main.cpp; sourceTree = "<group>"; };
		A03CF1D52BFE90DB001917DD /* AVLTree.cpp */ = {isa = PBXFileReference; lastKnownFileType = sourcecode.cpp.cpp; path = AVLTree.cpp; sourceTree = "<group>"; };
		A03CF1D62BFE90DB001917DD /* AVLTree.hpp */ = {isa = PBXFileReference; lastKnownFileType = sourcecode.cpp.h; path = AVLTree.hpp; sourceTree = "<group>"; };
		A03CF1D82BFE91DD001917DD /* SearchTree.hpp */ = {isa = PBXFileReference; fileEncoding = 4; lastKnownFileType = sourcecode.cpp.h; name = SearchTree.hpp; path = "../../Lab 3 \"Search Tree\"/Lab 3 \"Search Tree\"/SearchTree.hpp"; sourceTree = "<group>"; };
		A03CF1D92BFE91DD001917DD /* SearchTree.cpp */ = {isa = PBXFileReference; fileEncoding = 4; lastKnownFileType = sourcecode.cpp.cpp; name = SearchTree.cpp; path = "../../Lab 3 \"Search Tree\"/Lab 3 \"Search Tree\"/SearchTree.cpp"; sourceTree = "<group>"; };
		A03CF1DB2BFE9205001917DD /* BinaryTree.cpp */ = {isa = PBXFileReference; fileEncoding = 4; lastKnownFileType = sourcecode.cpp.cpp; name = BinaryTree.cpp; path = "../../Lab 2 \"BinaryTree\"/Lab 2 \"BinaryTree\"/BinaryTree.cpp"; sourceTree = "<group>"; };
		A03CF1DC2BFE9205001917DD /* BinaryTree.hpp */ = {isa = PBXFileReference; fileEncoding = 4; lastKnownFileType = sourcecode.cpp.h; name = BinaryTree.hpp; path = "../../Lab 2 \"BinaryTree\"/Lab 2 \"BinaryTree\"/BinaryTree.hpp"; sourceTree = "<group>"; };
/* End PBXFileReference section */

/* Begin PBXFrameworksBuildPhase section */
		A03CF1C82BFE90C6001917DD /* Frameworks */ = {
			isa = PBXFrameworksBuildPhase;
			buildActionMask = 2147483647;
			files = (
			);
			runOnlyForDeploymentPostprocessing = 0;
		};
/* End PBXFrameworksBuildPhase section */

/* Begin PBXGroup section */
		A03CF1C22BFE90C6001917DD = {
			isa = PBXGroup;
			children = (
				A03CF1CD2BFE90C6001917DD /* Lab 4 "AVL tree" */,
				A03CF1CC2BFE90C6001917DD /* Products */,
			);
			sourceTree = "<group>";
		};
		A03CF1CC2BFE90C6001917DD /* Products */ = {
			isa = PBXGroup;
			children = (
				A03CF1CB2BFE90C6001917DD /* Lab 4 "AVL tree" */,
			);
			name = Products;
			sourceTree = "<group>";
		};
		A03CF1CD2BFE90C6001917DD /* Lab 4 "AVL tree" */ = {
			isa = PBXGroup;
			children = (
				A03CF1CE2BFE90C6001917DD /* main.cpp */,
				A03CF1D52BFE90DB001917DD /* AVLTree.cpp */,
				A03CF1D62BFE90DB001917DD /* AVLTree.hpp */,
				A03CF1D92BFE91DD001917DD /* SearchTree.cpp */,
				A03CF1D82BFE91DD001917DD /* SearchTree.hpp */,
				A03CF1DB2BFE9205001917DD /* BinaryTree.cpp */,
				A03CF1DC2BFE9205001917DD /* BinaryTree.hpp */,
				A034AB1F2C19FB89008BD7EA /* AVLTreeTester.hpp */,
				A034AB202C19FB89008BD7EA /* AVLTreeTester.cpp */,
			);
			path = "Lab 4 \"AVL tree\"";
			sourceTree = "<group>";
		};
/* End PBXGroup section */

/* Begin PBXNativeTarget section */
		A03CF1CA2BFE90C6001917DD /* Lab 4 "AVL tree" */ = {
			isa = PBXNativeTarget;
			buildConfigurationList = A03CF1D22BFE90C6001917DD /* Build configuration list for PBXNativeTarget "Lab 4 "AVL tree"" */;
			buildPhases = (
				A03CF1C72BFE90C6001917DD /* Sources */,
				A03CF1C82BFE90C6001917DD /* Frameworks */,
				A03CF1C92BFE90C6001917DD /* CopyFiles */,
			);
			buildRules = (
			);
			dependencies = (
			);
			name = "Lab 4 \"AVL tree\"";
			productName = "Lab 4 \"AVL tree\"";
			productReference = A03CF1CB2BFE90C6001917DD /* Lab 4 "AVL tree" */;
			productType = "com.apple.product-type.tool";
		};
/* End PBXNativeTarget section */

/* Begin PBXProject section */
		A03CF1C32BFE90C6001917DD /* Project object */ = {
			isa = PBXProject;
			attributes = {
				BuildIndependentTargetsInParallel = 1;
				LastUpgradeCheck = 1540;
				TargetAttributes = {
					A03CF1CA2BFE90C6001917DD = {
						CreatedOnToolsVersion = 15.4;
					};
				};
			};
			buildConfigurationList = A03CF1C62BFE90C6001917DD /* Build configuration list for PBXProject "Lab 4 "AVL tree"" */;
			compatibilityVersion = "Xcode 14.0";
			developmentRegion = en;
			hasScannedForEncodings = 0;
			knownRegions = (
				en,
				Base,
			);
			mainGroup = A03CF1C22BFE90C6001917DD;
			productRefGroup = A03CF1CC2BFE90C6001917DD /* Products */;
			projectDirPath = "";
			projectRoot = "";
			targets = (
				A03CF1CA2BFE90C6001917DD /* Lab 4 "AVL tree" */,
			);
		};
/* End PBXProject section */

/* Begin PBXSourcesBuildPhase section */
		A03CF1C72BFE90C6001917DD /* Sources */ = {
			isa = PBXSourcesBuildPhase;
			buildActionMask = 2147483647;
			files = (
				A03CF1DD2BFE9205001917DD /* BinaryTree.cpp in Sources */,
				A03CF1DA2BFE91DD001917DD /* SearchTree.cpp in Sources */,
				A03CF1CF2BFE90C6001917DD /* main.cpp in Sources */,
				A034AB212C19FB89008BD7EA /* AVLTreeTester.cpp in Sources */,
				A03CF1D72BFE90DB001917DD /* AVLTree.cpp in Sources */,
			);
			runOnlyForDeploymentPostprocessing = 0;
		};
/* End PBXSourcesBuildPhase section */

/* Begin XCBuildConfiguration section */
		A03CF1D02BFE90C6001917DD /* Debug */ = {
			isa = XCBuildConfiguration;
			buildSettings = {
				ALWAYS_SEARCH_USER_PATHS = NO;
				ASSETCATALOG_COMPILER_GENERATE_SWIFT_ASSET_SYMBOL_EXTENSIONS = YES;
				CLANG_ANALYZER_NONNULL = YES;
				CLANG_ANALYZER_NUMBER_OBJECT_CONVERSION = YES_AGGRESSIVE;
				CLANG_CXX_LANGUAGE_STANDARD = "gnu++20";
				CLANG_ENABLE_MODULES = YES;
				CLANG_ENABLE_OBJC_ARC = YES;
				CLANG_ENABLE_OBJC_WEAK = YES;
				CLANG_WARN_BLOCK_CAPTURE_AUTORELEASING = YES;
				CLANG_WARN_BOOL_CONVERSION = YES;
				CLANG_WARN_COMMA = YES;
				CLANG_WARN_CONSTANT_CONVERSION = YES;
				CLANG_WARN_DEPRECATED_OBJC_IMPLEMENTATIONS = YES;
				CLANG_WARN_DIRECT_OBJC_ISA_USAGE = YES_ERROR;
				CLANG_WARN_DOCUMENTATION_COMMENTS = YES;
				CLANG_WARN_EMPTY_BODY = YES;
				CLANG_WARN_ENUM_CONVERSION = YES;
				CLANG_WARN_INFINITE_RECURSION = YES;
				CLANG_WARN_INT_CONVERSION = YES;
				CLANG_WARN_NON_LITERAL_NULL_CONVERSION = YES;
				CLANG_WARN_OBJC_IMPLICIT_RETAIN_SELF = YES;
				CLANG_WARN_OBJC_LITERAL_CONVERSION = YES;
				CLANG_WARN_OBJC_ROOT_CLASS = YES_ERROR;
				CLANG_WARN_QUOTED_INCLUDE_IN_FRAMEWORK_HEADER = YES;
				CLANG_WARN_RANGE_LOOP_ANALYSIS = YES;
				CLANG_WARN_STRICT_PROTOTYPES = YES;
				CLANG_WARN_SUSPICIOUS_MOVE = YES;
				CLANG_WARN_UNGUARDED_AVAILABILITY = YES_AGGRESSIVE;
				CLANG_WARN_UNREACHABLE_CODE = YES;
				CLANG_WARN__DUPLICATE_METHOD_MATCH = YES;
				COPY_PHASE_STRIP = NO;
				DEBUG_INFORMATION_FORMAT = dwarf;
				ENABLE_STRICT_OBJC_MSGSEND = YES;
				ENABLE_TESTABILITY = YES;
				ENABLE_USER_SCRIPT_SANDBOXING = YES;
				GCC_C_LANGUAGE_STANDARD = gnu17;
				GCC_DYNAMIC_NO_PIC = NO;
				GCC_NO_COMMON_BLOCKS = YES;
				GCC_OPTIMIZATION_LEVEL = 0;
				GCC_PREPROCESSOR_DEFINITIONS = (
					"DEBUG=1",
					"$(inherited)",
				);
				GCC_WARN_64_TO_32_BIT_CONVERSION = YES;
				GCC_WARN_ABOUT_RETURN_TYPE = YES_ERROR;
				GCC_WARN_UNDECLARED_SELECTOR = YES;
				GCC_WARN_UNINITIALIZED_AUTOS = YES_AGGRESSIVE;
				GCC_WARN_UNUSED_FUNCTION = YES;
				GCC_WARN_UNUSED_VARIABLE = YES;
				LOCALIZATION_PREFERS_STRING_CATALOGS = YES;
				MACOSX_DEPLOYMENT_TARGET = 14.0;
				MTL_ENABLE_DEBUG_INFO = INCLUDE_SOURCE;
				MTL_FAST_MATH = YES;
				ONLY_ACTIVE_ARCH = YES;
				SDKROOT = macosx;
			};
			name = Debug;
		};
		A03CF1D12BFE90C6001917DD /* Release */ = {
			isa = XCBuildConfiguration;
			buildSettings = {
				ALWAYS_SEARCH_USER_PATHS = NO;
				ASSETCATALOG_COMPILER_GENERATE_SWIFT_ASSET_SYMBOL_EXTENSIONS = YES;
				CLANG_ANALYZER_NONNULL = YES;
				CLANG_ANALYZER_NUMBER_OBJECT_CONVERSION = YES_AGGRESSIVE;
				CLANG_CXX_LANGUAGE_STANDARD = "gnu++20";
				CLANG_ENABLE_MODULES = YES;
				CLANG_ENABLE_OBJC_ARC = YES;
				CLANG_ENABLE_OBJC_WEAK = YES;
				CLANG_WARN_BLOCK_CAPTURE_AUTORELEASING = YES;
				CLANG_WARN_BOOL_CONVERSION = YES;
				CLANG_WARN_COMMA = YES;
				CLANG_WARN_CONSTANT_CONVERSION = YES;
				CLANG_WARN_DEPRECATED_OBJC_IMPLEMENTATIONS = YES;
				CLANG_WARN_DIRECT_OBJC_ISA_USAGE = YES_ERROR;
				CLANG_WARN_DOCUMENTATION_COMMENTS = YES;
				CLANG_WARN_EMPTY_BODY = YES;
				CLANG_WARN_ENUM_CONVERSION = YES;
				CLANG_WARN_INFINITE_RECURSION = YES;
				CLANG_WARN_INT_CONVERSION = YES;
				CLANG_WARN_NON_LITERAL_NULL_CONVERSION = YES;
				CLANG_WARN_OBJC_IMPLICIT_RETAIN_SELF = YES;
				CLANG_WARN_OBJC_LITERAL_CONVERSION = YES;
				CLANG_WARN_OBJC_ROOT_CLASS = YES_ERROR;
				CLANG_WARN_QUOTED_INCLUDE_IN_FRAMEWORK_HEADER = YES;
				CLANG_WARN_RANGE_LOOP_ANALYSIS = YES;
				CLANG_WARN_STRICT_PROTOTYPES = YES;
				CLANG_WARN_SUSPICIOUS_MOVE = YES;
				CLANG_WARN_UNGUARDED_AVAILABILITY = YES_AGGRESSIVE;
				CLANG_WARN_UNREACHABLE_CODE = YES;
				CLANG_WARN__DUPLICATE_METHOD_MATCH = YES;
				COPY_PHASE_STRIP = NO;
				DEBUG_INFORMATION_FORMAT = "dwarf-with-dsym";
				ENABLE_NS_ASSERTIONS = NO;
				ENABLE_STRICT_OBJC_MSGSEND = YES;
				ENABLE_USER_SCRIPT_SANDBOXING = YES;
				GCC_C_LANGUAGE_STANDARD = gnu17;
				GCC_NO_COMMON_BLOCKS = YES;
				GCC_WARN_64_TO_32_BIT_CONVERSION = YES;
				GCC_WARN_ABOUT_RETURN_TYPE = YES_ERROR;
				GCC_WARN_UNDECLARED_SELECTOR = YES;
				GCC_WARN_UNINITIALIZED_AUTOS = YES_AGGRESSIVE;
				GCC_WARN_UNUSED_FUNCTION = YES;
				GCC_WARN_UNUSED_VARIABLE = YES;
				LOCALIZATION_PREFERS_STRING_CATALOGS = YES;
				MACOSX_DEPLOYMENT_TARGET = 14.0;
				MTL_ENABLE_DEBUG_INFO = NO;
				MTL_FAST_MATH = YES;
				SDKROOT = macosx;
			};
			name = Release;
		};
		A03CF1D32BFE90C6001917DD /* Debug */ = {
			isa = XCBuildConfiguration;
			buildSettings = {
				CODE_SIGN_STYLE = Automatic;
				PRODUCT_NAME = "$(TARGET_NAME)";
			};
			name = Debug;
		};
		A03CF1D42BFE90C6001917DD /* Release */ = {
			isa = XCBuildConfiguration;
			buildSettings = {
				CODE_SIGN_STYLE = Automatic;
				PRODUCT_NAME = "$(TARGET_NAME)";
			};
			name = Release;
		};
/* End XCBuildConfiguration section */

/* Begin XCConfigurationList section */
		A03CF1C62BFE90C6001917DD /* Build configuration list for PBXProject "Lab 4 "AVL tree"" */ = {
			isa = XCConfigurationList;
			buildConfigurations = (
				A03CF1D02BFE90C6001917DD /* Debug */,
				A03CF1D12BFE90C6001917DD /* Release */,
			);
			defaultConfigurationIsVisible = 0;
			defaultConfigurationName = Release;
		};
		A03CF1D22BFE90C6001917DD /* Build configuration list for PBXNativeTarget "Lab 4 "AVL tree"" */ = {
			isa = XCConfigurationList;
			buildConfigurations = (
				A03CF1D32BFE90C6001917DD /* Debug */,
				A03CF1D42BFE90C6001917DD /* Release */,
			);
			defaultConfigurationIsVisible = 0;
			defaultConfigurationName = Release;
		};
/* End XCConfigurationList section */
	};
	rootObject = A03CF1C32BFE90C6001917DD /* Project object */;
}
